
Microsoft Visual Studio Solution File, Format Version 12.00
# Visual Studio Version 16
VisualStudioVersion = 16.0.30330.147
MinimumVisualStudioVersion = 10.0.40219.1
Project("{FAE04EC0-301F-11D3-BF4B-00C04F79EFBC}") = "Cladera_Pregunta1", "Cladera_Pregunta1\Cladera_Pregunta1.csproj", "{E00B3484-1B22-4CEE-B501-89F82A0F5FB5}"
EndProject
Project("{FAE04EC0-301F-11D3-BF4B-00C04F79EFBC}") = "UnitTestPegunta1.Test", "UnitTestPegunta1.Test\UnitTestPegunta1.Test.csproj", "{BA936215-03B4-45E9-8EC9-5E4C39ED1CFB}"
EndProject
Global
	GlobalSection(SolutionConfigurationPlatforms) = preSolution
		Debug|Any CPU = Debug|Any CPU
		Release|Any CPU = Release|Any CPU
	EndGlobalSection
	GlobalSection(ProjectConfigurationPlatforms) = postSolution
		{E00B3484-1B22-4CEE-B501-89F82A0F5FB5}.Debug|Any CPU.ActiveCfg = Debug|Any CPU
		{E00B3484-1B22-4CEE-B501-89F82A0F5FB5}.Debug|Any CPU.Build.0 = Debug|Any CPU
		{E00B3484-1B22-4CEE-B501-89F82A0F5FB5}.Release|Any CPU.ActiveCfg = Release|Any CPU
		{E00B3484-1B22-4CEE-B501-89F82A0F5FB5}.Release|Any CPU.Build.0 = Release|Any CPU
		{BA936215-03B4-45E9-8EC9-5E4C39ED1CFB}.Debug|Any CPU.ActiveCfg = Debug|Any CPU
		{BA936215-03B4-45E9-8EC9-5E4C39ED1CFB}.Debug|Any CPU.Build.0 = Debug|Any CPU
		{BA936215-03B4-45E9-8EC9-5E4C39ED1CFB}.Release|Any CPU.ActiveCfg = Release|Any CPU
		{BA936215-03B4-45E9-8EC9-5E4C39ED1CFB}.Release|Any CPU.Build.0 = Release|Any CPU
	EndGlobalSection
	GlobalSection(SolutionProperties) = preSolution
		HideSolutionNode = FALSE
	EndGlobalSection
	GlobalSection(ExtensibilityGlobals) = postSolution
		SolutionGuid = {09CBFE1D-0AAE-4DA7-A8FB-99E222B454AD}
	EndGlobalSection
EndGlobal
